
Microsoft Visual Studio Solution File, Format Version 12.00
# Visual Studio Version 17
VisualStudioVersion = 17.3.32922.545
MinimumVisualStudioVersion = 10.0.40219.1
Project("{D954291E-2A0B-460D-934E-DC6B0785DB48}") = "SharedProject1", "SharedProject1.shproj", "{82FAB16A-3102-4246-B60C-575AC3FAAECC}"
EndProject
Global
	GlobalSection(SolutionProperties) = preSolution
		HideSolutionNode = FALSE
	EndGlobalSection
	GlobalSection(ExtensibilityGlobals) = postSolution
		SolutionGuid = {5DD116D4-61B0-4074-8EF8-FC2FCE577A3D}
	EndGlobalSection
	GlobalSection(SharedMSBuildProjectFiles) = preSolution
		SharedProject1.projitems*{82fab16a-3102-4246-b60c-575ac3faaecc}*SharedItemsImports = 13
	EndGlobalSection
EndGlobal
